
Microsoft Visual Studio Solution File, Format Version 12.00
# Visual Studio Version 16
VisualStudioVersion = 16.0.33529.622
MinimumVisualStudioVersion = 10.0.40219.1
Project("{FAE04EC0-301F-11D3-BF4B-00C04F79EFBC}") = "Library_Management_System", "Library_Management_System\Library_Management_System.csproj", "{F198BEC2-1CB6-4B05-9A8A-6DC7755158E0}"
EndProject
Global
	GlobalSection(SolutionConfigurationPlatforms) = preSolution
		Debug|Any CPU = Debug|Any CPU
		Release|Any CPU = Release|Any CPU
	EndGlobalSection
	GlobalSection(ProjectConfigurationPlatforms) = postSolution
		{F198BEC2-1CB6-4B05-9A8A-6DC7755158E0}.Debug|Any CPU.ActiveCfg = Debug|Any CPU
		{F198BEC2-1CB6-4B05-9A8A-6DC7755158E0}.Debug|Any CPU.Build.0 = Debug|Any CPU
		{F198BEC2-1CB6-4B05-9A8A-6DC7755158E0}.Release|Any CPU.ActiveCfg = Release|Any CPU
		{F198BEC2-1CB6-4B05-9A8A-6DC7755158E0}.Release|Any CPU.Build.0 = Release|Any CPU
	EndGlobalSection
	GlobalSection(SolutionProperties) = preSolution
		HideSolutionNode = FALSE
	EndGlobalSection
	GlobalSection(ExtensibilityGlobals) = postSolution
		SolutionGuid = {81F6D715-CF47-42E2-B1BA-52E78A3A8714}
	EndGlobalSection
EndGlobal
